{
  "name": "node-app",
  "version": "1.0.0",
  "lockfileVersion": 1,
  "requires": true,
  "dependencies": {
    "mtsmachado-lib": {
      "version": "1.0.0",
      "resolved": "https://registry.npmjs.org/mtsmachado-lib/-/mtsmachado-lib-1.0.0.tgz",
      "integrity": "sha512-4TkU4hnw0ETCjAmdggF7Vot7rSumpAigr+3TvUf3BjXMhDUCi4dphlPcZGiGP0AqaW2PB2++YISzDkJkBwkXnA=="
    }
  }
}
